# @generated by Move, please check-in and do not edit manually.

[move]
version = 3
manifest_digest = "8E27A94440F4AAD531308D56A8DF6320AE0D5551B1E08C15E14E40AC2C6F77D0"
deps_digest = "F8BBB0CCB2491CA29A3DF03D6F92277A4F3574266507ACD77214D37ECA3F3082"
dependencies = [
  { id = "Sui", name = "Sui" },
]

[[move.package]]
id = "MoveStdlib"
source = { git = "https://github.com/MystenLabs/sui.git", rev = "framework/testnet", subdir = "crates/sui-framework/packages/move-stdlib" }

[[move.package]]
id = "Sui"
source = { git = "https://github.com/MystenLabs/sui.git", rev = "framework/testnet", subdir = "crates/sui-framework/packages/sui-framework" }

dependencies = [
  { id = "MoveStdlib", name = "MoveStdlib" },
]

[move.toolchain-version]
compiler-version = "1.62.0"
edition = "2024.beta"
flavor = "sui"

[env]

[env.testnet]
chain-id = "4c78adac"
original-published-id = "0x368429835bcf33cfa24df151c6cf3afc0278b9e731d1c6140670d0b6aeedb091"
latest-published-id = "0x368429835bcf33cfa24df151c6cf3afc0278b9e731d1c6140670d0b6aeedb091"
published-version = "1"
